
Microsoft Visual Studio Solution File, Format Version 12.00
# Visual Studio 2013
VisualStudioVersion = 12.0.21005.1
MinimumVisualStudioVersion = 10.0.40219.1
Project("{FAE04EC0-301F-11D3-BF4B-00C04F79EFBC}") = "PawellsMusicEditor", "PawellsMusicEditor\PawellsMusicEditor.csproj", "{4A3CF06A-B15C-47D7-AA6E-87B5C11CED71}"
EndProject
Project("{2150E333-8FDC-42A3-9474-1A3956D46DE8}") = "Presentation", "Presentation", "{DB94679C-BC2E-4DAE-916B-F158849D526C}"
EndProject
Project("{2150E333-8FDC-42A3-9474-1A3956D46DE8}") = "Data", "Data", "{9752DFB9-01BD-4102-A7C1-81B9CA4E38E7}"
EndProject
Project("{FAE04EC0-301F-11D3-BF4B-00C04F79EFBC}") = "DevBridge.Templates.WebProject.Data", "DevBridge.Templates.WebProject.Data\DevBridge.Templates.WebProject.Data.csproj", "{0DD4F9FB-8361-4847-AA04-3FE3AFBA7C75}"
EndProject
Project("{FAE04EC0-301F-11D3-BF4B-00C04F79EFBC}") = "DevBridge.Templates.WebProject.DataContracts", "DevBridge.Templates.WebProject.DataContracts\DevBridge.Templates.WebProject.DataContracts.csproj", "{A8169073-CFD3-4959-9281-B5F3E58538EB}"
EndProject
Project("{FAE04EC0-301F-11D3-BF4B-00C04F79EFBC}") = "DevBridge.Templates.WebProject.DataEntities", "DevBridge.Templates.WebProject.DataEntities\DevBridge.Templates.WebProject.DataEntities.csproj", "{0048B7E5-07AC-472D-92DA-342CD9EF45D9}"
EndProject
Project("{2150E333-8FDC-42A3-9474-1A3956D46DE8}") = "Bussines", "Bussines", "{1BADDED7-0212-4E47-B78F-9CC81A1F7627}"
EndProject
Project("{FAE04EC0-301F-11D3-BF4B-00C04F79EFBC}") = "SoundTrackChanges", "SoundTrackChanges\SoundTrackChanges.csproj", "{6482A1A6-11B4-472D-89FA-5483A62142D5}"
EndProject
Project("{2150E333-8FDC-42A3-9474-1A3956D46DE8}") = "Source", "Source", "{9EFF2380-271E-40B6-88AA-BC302F7D210C}"
EndProject
Global
	GlobalSection(SolutionConfigurationPlatforms) = preSolution
		Debug|Any CPU = Debug|Any CPU
		Release|Any CPU = Release|Any CPU
	EndGlobalSection
	GlobalSection(ProjectConfigurationPlatforms) = postSolution
		{4A3CF06A-B15C-47D7-AA6E-87B5C11CED71}.Debug|Any CPU.ActiveCfg = Debug|Any CPU
		{4A3CF06A-B15C-47D7-AA6E-87B5C11CED71}.Debug|Any CPU.Build.0 = Debug|Any CPU
		{4A3CF06A-B15C-47D7-AA6E-87B5C11CED71}.Release|Any CPU.ActiveCfg = Release|Any CPU
		{4A3CF06A-B15C-47D7-AA6E-87B5C11CED71}.Release|Any CPU.Build.0 = Release|Any CPU
		{0DD4F9FB-8361-4847-AA04-3FE3AFBA7C75}.Debug|Any CPU.ActiveCfg = Debug|Any CPU
		{0DD4F9FB-8361-4847-AA04-3FE3AFBA7C75}.Debug|Any CPU.Build.0 = Debug|Any CPU
		{0DD4F9FB-8361-4847-AA04-3FE3AFBA7C75}.Release|Any CPU.ActiveCfg = Release|Any CPU
		{0DD4F9FB-8361-4847-AA04-3FE3AFBA7C75}.Release|Any CPU.Build.0 = Release|Any CPU
		{A8169073-CFD3-4959-9281-B5F3E58538EB}.Debug|Any CPU.ActiveCfg = Debug|Any CPU
		{A8169073-CFD3-4959-9281-B5F3E58538EB}.Debug|Any CPU.Build.0 = Debug|Any CPU
		{A8169073-CFD3-4959-9281-B5F3E58538EB}.Release|Any CPU.ActiveCfg = Release|Any CPU
		{A8169073-CFD3-4959-9281-B5F3E58538EB}.Release|Any CPU.Build.0 = Release|Any CPU
		{0048B7E5-07AC-472D-92DA-342CD9EF45D9}.Debug|Any CPU.ActiveCfg = Debug|Any CPU
		{0048B7E5-07AC-472D-92DA-342CD9EF45D9}.Debug|Any CPU.Build.0 = Debug|Any CPU
		{0048B7E5-07AC-472D-92DA-342CD9EF45D9}.Release|Any CPU.ActiveCfg = Release|Any CPU
		{0048B7E5-07AC-472D-92DA-342CD9EF45D9}.Release|Any CPU.Build.0 = Release|Any CPU
		{6482A1A6-11B4-472D-89FA-5483A62142D5}.Debug|Any CPU.ActiveCfg = Debug|Any CPU
		{6482A1A6-11B4-472D-89FA-5483A62142D5}.Debug|Any CPU.Build.0 = Debug|Any CPU
		{6482A1A6-11B4-472D-89FA-5483A62142D5}.Release|Any CPU.ActiveCfg = Release|Any CPU
		{6482A1A6-11B4-472D-89FA-5483A62142D5}.Release|Any CPU.Build.0 = Release|Any CPU
	EndGlobalSection
	GlobalSection(SolutionProperties) = preSolution
		HideSolutionNode = FALSE
	EndGlobalSection
	GlobalSection(NestedProjects) = preSolution
		{DB94679C-BC2E-4DAE-916B-F158849D526C} = {9EFF2380-271E-40B6-88AA-BC302F7D210C}
		{9752DFB9-01BD-4102-A7C1-81B9CA4E38E7} = {9EFF2380-271E-40B6-88AA-BC302F7D210C}
		{1BADDED7-0212-4E47-B78F-9CC81A1F7627} = {9EFF2380-271E-40B6-88AA-BC302F7D210C}
		{4A3CF06A-B15C-47D7-AA6E-87B5C11CED71} = {DB94679C-BC2E-4DAE-916B-F158849D526C}
		{0DD4F9FB-8361-4847-AA04-3FE3AFBA7C75} = {9752DFB9-01BD-4102-A7C1-81B9CA4E38E7}
		{A8169073-CFD3-4959-9281-B5F3E58538EB} = {9752DFB9-01BD-4102-A7C1-81B9CA4E38E7}
		{0048B7E5-07AC-472D-92DA-342CD9EF45D9} = {9752DFB9-01BD-4102-A7C1-81B9CA4E38E7}
		{6482A1A6-11B4-472D-89FA-5483A62142D5} = {1BADDED7-0212-4E47-B78F-9CC81A1F7627}
	EndGlobalSection
EndGlobal
